{
  "requires": true,
  "lockfileVersion": 1,
  "dependencies": {
    "set-cookie-parser": {
      "version": "2.4.7",
      "resolved": "https://registry.npmjs.org/set-cookie-parser/-/set-cookie-parser-2.4.7.tgz",
      "integrity": "sha512-VaSdYN1DlYuKOzBKqhYJnwaPeirZdNNUNmYdnp9/6Umr9s8amidctYitrX2Gk8wCqiBuiG5mpOYCiVhG5o4iMQ=="
    },
    "weapp-cookie": {
      "version": "1.4.6",
      "resolved": "https://registry.npmjs.org/weapp-cookie/-/weapp-cookie-1.4.6.tgz",
      "integrity": "sha512-2K4u6ADdpRMfoFeK8e6TYl2LoBjDuGwOD1jmUpFJT1kkdKPZagdroIReNg+4m5FGb6Hkh+EyqbY+2HqBdEDnQw==",
      "requires": {
        "set-cookie-parser": "^2.3.8"
      }
    },
    "xmldom": {
      "version": "0.4.0",
      "resolved": "https://registry.npmjs.org/xmldom/-/xmldom-0.4.0.tgz",
      "integrity": "sha512-2E93k08T30Ugs+34HBSTQLVtpi6mCddaY8uO+pMNk1pqSjV5vElzn4mmh6KLxN3hki8rNcHSYzILoh3TEWORvA=="
    }
  }
}
